
Microsoft Visual Studio Solution File, Format Version 12.00
# Visual Studio Version 16
VisualStudioVersion = 16.0.31624.102
MinimumVisualStudioVersion = 10.0.40219.1
Project("{FAE04EC0-301F-11D3-BF4B-00C04F79EFBC}") = "1_LOI_CHAO_MO_DAU_1", "1_LOI_CHAO_MO_DAU_1\1_LOI_CHAO_MO_DAU_1.csproj", "{28190E30-B059-48CF-B2A8-CB07C4835349}"
EndProject
Project("{FAE04EC0-301F-11D3-BF4B-00C04F79EFBC}") = "2_LOI_CHAO_LUU_TRU_DOI_TUONG", "2_LOI_CHAO_LUU_TRU_DOI_TUONG\2_LOI_CHAO_LUU_TRU_DOI_TUONG.csproj", "{8468F626-AACC-401F-8817-154408B65749}"
EndProject
Project("{FAE04EC0-301F-11D3-BF4B-00C04F79EFBC}") = "3_LOI_CHAO_LUU_TRU_DANH_SACH", "3_LOI_CHAO_LUU_TRU_DANH_SACH\3_LOI_CHAO_LUU_TRU_DANH_SACH.csproj", "{AF9E5EE4-BBE7-4D62-863C-D9B15972A76D}"
EndProject
Project("{FAE04EC0-301F-11D3-BF4B-00C04F79EFBC}") = "4_LOI_CHAO_NGHIEP_VU", "4_LOI_CHAO_NGHIEP_VU\4_LOI_CHAO_NGHIEP_VU.csproj", "{A717CA3C-5B4B-482D-9DAC-34032F76BAD6}"
EndProject
Project("{FAE04EC0-301F-11D3-BF4B-00C04F79EFBC}") = "4_LOI_CHAO_NGHIEP_VU_2", "4_LOI_CHAO_NGHIEP_VU_2\4_LOI_CHAO_NGHIEP_VU_2.csproj", "{00979605-D520-440D-AD30-1F368526EBBB}"
EndProject
Project("{FAE04EC0-301F-11D3-BF4B-00C04F79EFBC}") = "5_LOI_CHAO_LUU_TRU_DOI_TUONG", "5_LOI_CHAO_LUU_TRU_DOI_TUONG\5_LOI_CHAO_LUU_TRU_DOI_TUONG.csproj", "{5983D352-4084-4D9F-9FAB-0DCD3AFFD764}"
EndProject
Global
	GlobalSection(SolutionConfigurationPlatforms) = preSolution
		Debug|Any CPU = Debug|Any CPU
		Release|Any CPU = Release|Any CPU
	EndGlobalSection
	GlobalSection(ProjectConfigurationPlatforms) = postSolution
		{28190E30-B059-48CF-B2A8-CB07C4835349}.Debug|Any CPU.ActiveCfg = Debug|Any CPU
		{28190E30-B059-48CF-B2A8-CB07C4835349}.Debug|Any CPU.Build.0 = Debug|Any CPU
		{28190E30-B059-48CF-B2A8-CB07C4835349}.Release|Any CPU.ActiveCfg = Release|Any CPU
		{28190E30-B059-48CF-B2A8-CB07C4835349}.Release|Any CPU.Build.0 = Release|Any CPU
		{8468F626-AACC-401F-8817-154408B65749}.Debug|Any CPU.ActiveCfg = Debug|Any CPU
		{8468F626-AACC-401F-8817-154408B65749}.Debug|Any CPU.Build.0 = Debug|Any CPU
		{8468F626-AACC-401F-8817-154408B65749}.Release|Any CPU.ActiveCfg = Release|Any CPU
		{8468F626-AACC-401F-8817-154408B65749}.Release|Any CPU.Build.0 = Release|Any CPU
		{AF9E5EE4-BBE7-4D62-863C-D9B15972A76D}.Debug|Any CPU.ActiveCfg = Debug|Any CPU
		{AF9E5EE4-BBE7-4D62-863C-D9B15972A76D}.Debug|Any CPU.Build.0 = Debug|Any CPU
		{AF9E5EE4-BBE7-4D62-863C-D9B15972A76D}.Release|Any CPU.ActiveCfg = Release|Any CPU
		{AF9E5EE4-BBE7-4D62-863C-D9B15972A76D}.Release|Any CPU.Build.0 = Release|Any CPU
		{A717CA3C-5B4B-482D-9DAC-34032F76BAD6}.Debug|Any CPU.ActiveCfg = Debug|Any CPU
		{A717CA3C-5B4B-482D-9DAC-34032F76BAD6}.Debug|Any CPU.Build.0 = Debug|Any CPU
		{A717CA3C-5B4B-482D-9DAC-34032F76BAD6}.Release|Any CPU.ActiveCfg = Release|Any CPU
		{A717CA3C-5B4B-482D-9DAC-34032F76BAD6}.Release|Any CPU.Build.0 = Release|Any CPU
		{00979605-D520-440D-AD30-1F368526EBBB}.Debug|Any CPU.ActiveCfg = Debug|Any CPU
		{00979605-D520-440D-AD30-1F368526EBBB}.Debug|Any CPU.Build.0 = Debug|Any CPU
		{00979605-D520-440D-AD30-1F368526EBBB}.Release|Any CPU.ActiveCfg = Release|Any CPU
		{00979605-D520-440D-AD30-1F368526EBBB}.Release|Any CPU.Build.0 = Release|Any CPU
		{5983D352-4084-4D9F-9FAB-0DCD3AFFD764}.Debug|Any CPU.ActiveCfg = Debug|Any CPU
		{5983D352-4084-4D9F-9FAB-0DCD3AFFD764}.Debug|Any CPU.Build.0 = Debug|Any CPU
		{5983D352-4084-4D9F-9FAB-0DCD3AFFD764}.Release|Any CPU.ActiveCfg = Release|Any CPU
		{5983D352-4084-4D9F-9FAB-0DCD3AFFD764}.Release|Any CPU.Build.0 = Release|Any CPU
	EndGlobalSection
	GlobalSection(SolutionProperties) = preSolution
		HideSolutionNode = FALSE
	EndGlobalSection
	GlobalSection(ExtensibilityGlobals) = postSolution
		SolutionGuid = {2E3201FB-7505-4573-8D6E-7E7EAA981DB7}
	EndGlobalSection
EndGlobal
